
Microsoft Visual Studio Solution File, Format Version 12.00
# Visual Studio 2013
VisualStudioVersion = 12.0.40629.0
MinimumVisualStudioVersion = 10.0.40219.1
Project("{FAE04EC0-301F-11D3-BF4B-00C04F79EFBC}") = "Service", "Service\Service.csproj", "{A2762033-27FE-421A-8E0B-276D9058EED9}"
EndProject
Project("{FAE04EC0-301F-11D3-BF4B-00C04F79EFBC}") = "UnitTest", "UnitTest\UnitTest.csproj", "{F1B12660-2CF8-4075-822E-DDD3DEBB6203}"
EndProject
Project("{FAE04EC0-301F-11D3-BF4B-00C04F79EFBC}") = "DataTier", "DataTier\DataTier.csproj", "{916EFF0C-FA75-4DBD-A160-5D18A7F1577A}"
EndProject
Project("{FAE04EC0-301F-11D3-BF4B-00C04F79EFBC}") = "BusinessTier", "BusinessTier\BusinessTier.csproj", "{8BF61F41-27A0-429F-89E0-75C8394010C1}"
EndProject
Global
	GlobalSection(SolutionConfigurationPlatforms) = preSolution
		Debug|Any CPU = Debug|Any CPU
		Debug|ARM = Debug|ARM
		Debug|x64 = Debug|x64
		Debug|x86 = Debug|x86
		Release|Any CPU = Release|Any CPU
		Release|ARM = Release|ARM
		Release|x64 = Release|x64
		Release|x86 = Release|x86
	EndGlobalSection
	GlobalSection(ProjectConfigurationPlatforms) = postSolution
		{A2762033-27FE-421A-8E0B-276D9058EED9}.Debug|Any CPU.ActiveCfg = Debug|Any CPU
		{A2762033-27FE-421A-8E0B-276D9058EED9}.Debug|Any CPU.Build.0 = Debug|Any CPU
		{A2762033-27FE-421A-8E0B-276D9058EED9}.Debug|ARM.ActiveCfg = Debug|Any CPU
		{A2762033-27FE-421A-8E0B-276D9058EED9}.Debug|x64.ActiveCfg = Debug|Any CPU
		{A2762033-27FE-421A-8E0B-276D9058EED9}.Debug|x86.ActiveCfg = Debug|Any CPU
		{A2762033-27FE-421A-8E0B-276D9058EED9}.Release|Any CPU.ActiveCfg = Release|Any CPU
		{A2762033-27FE-421A-8E0B-276D9058EED9}.Release|Any CPU.Build.0 = Release|Any CPU
		{A2762033-27FE-421A-8E0B-276D9058EED9}.Release|ARM.ActiveCfg = Release|Any CPU
		{A2762033-27FE-421A-8E0B-276D9058EED9}.Release|x64.ActiveCfg = Release|Any CPU
		{A2762033-27FE-421A-8E0B-276D9058EED9}.Release|x86.ActiveCfg = Release|Any CPU
		{F1B12660-2CF8-4075-822E-DDD3DEBB6203}.Debug|Any CPU.ActiveCfg = Debug|Any CPU
		{F1B12660-2CF8-4075-822E-DDD3DEBB6203}.Debug|Any CPU.Build.0 = Debug|Any CPU
		{F1B12660-2CF8-4075-822E-DDD3DEBB6203}.Debug|ARM.ActiveCfg = Debug|Any CPU
		{F1B12660-2CF8-4075-822E-DDD3DEBB6203}.Debug|x64.ActiveCfg = Debug|Any CPU
		{F1B12660-2CF8-4075-822E-DDD3DEBB6203}.Debug|x86.ActiveCfg = Debug|Any CPU
		{F1B12660-2CF8-4075-822E-DDD3DEBB6203}.Release|Any CPU.ActiveCfg = Release|Any CPU
		{F1B12660-2CF8-4075-822E-DDD3DEBB6203}.Release|Any CPU.Build.0 = Release|Any CPU
		{F1B12660-2CF8-4075-822E-DDD3DEBB6203}.Release|ARM.ActiveCfg = Release|Any CPU
		{F1B12660-2CF8-4075-822E-DDD3DEBB6203}.Release|x64.ActiveCfg = Release|Any CPU
		{F1B12660-2CF8-4075-822E-DDD3DEBB6203}.Release|x86.ActiveCfg = Release|Any CPU
		{916EFF0C-FA75-4DBD-A160-5D18A7F1577A}.Debug|Any CPU.ActiveCfg = Debug|Any CPU
		{916EFF0C-FA75-4DBD-A160-5D18A7F1577A}.Debug|Any CPU.Build.0 = Debug|Any CPU
		{916EFF0C-FA75-4DBD-A160-5D18A7F1577A}.Debug|ARM.ActiveCfg = Debug|Any CPU
		{916EFF0C-FA75-4DBD-A160-5D18A7F1577A}.Debug|x64.ActiveCfg = Debug|Any CPU
		{916EFF0C-FA75-4DBD-A160-5D18A7F1577A}.Debug|x86.ActiveCfg = Debug|Any CPU
		{916EFF0C-FA75-4DBD-A160-5D18A7F1577A}.Release|Any CPU.ActiveCfg = Release|Any CPU
		{916EFF0C-FA75-4DBD-A160-5D18A7F1577A}.Release|Any CPU.Build.0 = Release|Any CPU
		{916EFF0C-FA75-4DBD-A160-5D18A7F1577A}.Release|ARM.ActiveCfg = Release|Any CPU
		{916EFF0C-FA75-4DBD-A160-5D18A7F1577A}.Release|x64.ActiveCfg = Release|Any CPU
		{916EFF0C-FA75-4DBD-A160-5D18A7F1577A}.Release|x86.ActiveCfg = Release|Any CPU
		{8BF61F41-27A0-429F-89E0-75C8394010C1}.Debug|Any CPU.ActiveCfg = Debug|Any CPU
		{8BF61F41-27A0-429F-89E0-75C8394010C1}.Debug|Any CPU.Build.0 = Debug|Any CPU
		{8BF61F41-27A0-429F-89E0-75C8394010C1}.Debug|ARM.ActiveCfg = Debug|Any CPU
		{8BF61F41-27A0-429F-89E0-75C8394010C1}.Debug|x64.ActiveCfg = Debug|Any CPU
		{8BF61F41-27A0-429F-89E0-75C8394010C1}.Debug|x86.ActiveCfg = Debug|Any CPU
		{8BF61F41-27A0-429F-89E0-75C8394010C1}.Release|Any CPU.ActiveCfg = Release|Any CPU
		{8BF61F41-27A0-429F-89E0-75C8394010C1}.Release|Any CPU.Build.0 = Release|Any CPU
		{8BF61F41-27A0-429F-89E0-75C8394010C1}.Release|ARM.ActiveCfg = Release|Any CPU
		{8BF61F41-27A0-429F-89E0-75C8394010C1}.Release|x64.ActiveCfg = Release|Any CPU
		{8BF61F41-27A0-429F-89E0-75C8394010C1}.Release|x86.ActiveCfg = Release|Any CPU
	EndGlobalSection
	GlobalSection(SolutionProperties) = preSolution
		HideSolutionNode = FALSE
	EndGlobalSection
EndGlobal
